
Microsoft Visual Studio Solution File, Format Version 12.00
# Visual Studio Version 17
VisualStudioVersion = 17.1.32421.90
MinimumVisualStudioVersion = 10.0.40219.1
Project("{FAE04EC0-301F-11D3-BF4B-00C04F79EFBC}") = "ZebuPairOrder.Android", "ZebuPairOrder\ZebuPairOrder.Android\ZebuPairOrder.Android.csproj", "{D69E36F8-B232-4997-96C2-09EB9EF8C840}"
EndProject
Project("{FAE04EC0-301F-11D3-BF4B-00C04F79EFBC}") = "ZebuPairOrder", "ZebuPairOrder\ZebuPairOrder\ZebuPairOrder.csproj", "{9C0C7EC1-5A35-426B-9CDF-A9F31C63C8F8}"
EndProject
Global
	GlobalSection(SolutionConfigurationPlatforms) = preSolution
		Debug|Any CPU = Debug|Any CPU
		Release|Any CPU = Release|Any CPU
	EndGlobalSection
	GlobalSection(ProjectConfigurationPlatforms) = postSolution
		{D69E36F8-B232-4997-96C2-09EB9EF8C840}.Debug|Any CPU.ActiveCfg = Debug|Any CPU
		{D69E36F8-B232-4997-96C2-09EB9EF8C840}.Debug|Any CPU.Build.0 = Debug|Any CPU
		{D69E36F8-B232-4997-96C2-09EB9EF8C840}.Debug|Any CPU.Deploy.0 = Debug|Any CPU
		{D69E36F8-B232-4997-96C2-09EB9EF8C840}.Release|Any CPU.ActiveCfg = Release|Any CPU
		{D69E36F8-B232-4997-96C2-09EB9EF8C840}.Release|Any CPU.Build.0 = Release|Any CPU
		{D69E36F8-B232-4997-96C2-09EB9EF8C840}.Release|Any CPU.Deploy.0 = Release|Any CPU
		{9C0C7EC1-5A35-426B-9CDF-A9F31C63C8F8}.Debug|Any CPU.ActiveCfg = Debug|Any CPU
		{9C0C7EC1-5A35-426B-9CDF-A9F31C63C8F8}.Debug|Any CPU.Build.0 = Debug|Any CPU
		{9C0C7EC1-5A35-426B-9CDF-A9F31C63C8F8}.Debug|Any CPU.Deploy.0 = Debug|Any CPU
		{9C0C7EC1-5A35-426B-9CDF-A9F31C63C8F8}.Release|Any CPU.ActiveCfg = Release|Any CPU
		{9C0C7EC1-5A35-426B-9CDF-A9F31C63C8F8}.Release|Any CPU.Build.0 = Release|Any CPU
		{9C0C7EC1-5A35-426B-9CDF-A9F31C63C8F8}.Release|Any CPU.Deploy.0 = Release|Any CPU
	EndGlobalSection
	GlobalSection(SolutionProperties) = preSolution
		HideSolutionNode = FALSE
	EndGlobalSection
	GlobalSection(ExtensibilityGlobals) = postSolution
		SolutionGuid = {E0C52C77-A1E2-4633-B1DA-A8BEC34B5A8D}
	EndGlobalSection
EndGlobal
